
Microsoft Visual Studio Solution File, Format Version 12.00
# Visual Studio Version 17
VisualStudioVersion = 17.0.31903.59
MinimumVisualStudioVersion = 10.0.40219.1
Project("{2150E333-8FDC-42A3-9474-1A3956D46DE8}") = "src", "src", "{827E0CD3-B72D-47B6-A68D-7590B98EB39B}"
EndProject
Project("{FAE04EC0-301F-11D3-BF4B-00C04F79EFBC}") = "Scheduler.Domain", "src\Scheduler.Domain\Scheduler.Domain.csproj", "{5F3634F8-7CF2-4EDB-B7A7-DF99E16CF6DD}"
EndProject
Project("{FAE04EC0-301F-11D3-BF4B-00C04F79EFBC}") = "Scheduler.Application", "src\Scheduler.Application\Scheduler.Application.csproj", "{484B7125-4BF7-41CB-AD5B-EF2935E6E125}"
EndProject
Project("{FAE04EC0-301F-11D3-BF4B-00C04F79EFBC}") = "Scheduler.Infrastructure", "src\Scheduler.Infrastructure\Scheduler.Infrastructure.csproj", "{B2BEE944-2DB6-49CC-B047-21D438038399}"
EndProject
Project("{FAE04EC0-301F-11D3-BF4B-00C04F79EFBC}") = "Scheduler.Api", "src\Scheduler.Api\Scheduler.Api.csproj", "{1F8CD2A8-45F5-448D-9B6D-CFB9D5B875AD}"
EndProject
Project("{FAE04EC0-301F-11D3-BF4B-00C04F79EFBC}") = "Scheduler.Domain.UnitTests", "tests\Scheduler.Domain.UnitTests\Scheduler.Domain.UnitTests.csproj", "{A0C828A5-B23C-4430-89FD-3DFEE651381E}"
EndProject
Project("{FAE04EC0-301F-11D3-BF4B-00C04F79EFBC}") = "Scheduler.Application.UnitTests", "tests\Scheduler.Application.UnitTests\Scheduler.Application.UnitTests.csproj", "{B4614861-E0BC-46BA-93ED-E6F08B2419C2}"
EndProject
Project("{FAE04EC0-301F-11D3-BF4B-00C04F79EFBC}") = "Scheduler.Api.IntegrationTests", "tests\Scheduler.Api.IntegrationTests\Scheduler.Api.IntegrationTests.csproj", "{9A7F9006-568C-4250-8FF2-A28C9A2BD87B}"
EndProject
Project("{FAE04EC0-301F-11D3-BF4B-00C04F79EFBC}") = "Scheduler.ArchitectureTests", "tests\Scheduler.ArchitectureTests\Scheduler.ArchitectureTests.csproj", "{16AC04E7-3BF3-432F-AEB6-F5825434A13F}"
EndProject
Global
	GlobalSection(SolutionConfigurationPlatforms) = preSolution
		Debug|Any CPU = Debug|Any CPU
		Debug|x64 = Debug|x64
		Debug|x86 = Debug|x86
		Release|Any CPU = Release|Any CPU
		Release|x64 = Release|x64
		Release|x86 = Release|x86
	EndGlobalSection
	GlobalSection(ProjectConfigurationPlatforms) = postSolution
		{5F3634F8-7CF2-4EDB-B7A7-DF99E16CF6DD}.Debug|Any CPU.ActiveCfg = Debug|Any CPU
		{5F3634F8-7CF2-4EDB-B7A7-DF99E16CF6DD}.Debug|Any CPU.Build.0 = Debug|Any CPU
		{5F3634F8-7CF2-4EDB-B7A7-DF99E16CF6DD}.Debug|x64.ActiveCfg = Debug|Any CPU
		{5F3634F8-7CF2-4EDB-B7A7-DF99E16CF6DD}.Debug|x64.Build.0 = Debug|Any CPU
		{5F3634F8-7CF2-4EDB-B7A7-DF99E16CF6DD}.Debug|x86.ActiveCfg = Debug|Any CPU
		{5F3634F8-7CF2-4EDB-B7A7-DF99E16CF6DD}.Debug|x86.Build.0 = Debug|Any CPU
		{5F3634F8-7CF2-4EDB-B7A7-DF99E16CF6DD}.Release|Any CPU.ActiveCfg = Release|Any CPU
		{5F3634F8-7CF2-4EDB-B7A7-DF99E16CF6DD}.Release|Any CPU.Build.0 = Release|Any CPU
		{5F3634F8-7CF2-4EDB-B7A7-DF99E16CF6DD}.Release|x64.ActiveCfg = Release|Any CPU
		{5F3634F8-7CF2-4EDB-B7A7-DF99E16CF6DD}.Release|x64.Build.0 = Release|Any CPU
		{5F3634F8-7CF2-4EDB-B7A7-DF99E16CF6DD}.Release|x86.ActiveCfg = Release|Any CPU
		{5F3634F8-7CF2-4EDB-B7A7-DF99E16CF6DD}.Release|x86.Build.0 = Release|Any CPU
		{484B7125-4BF7-41CB-AD5B-EF2935E6E125}.Debug|Any CPU.ActiveCfg = Debug|Any CPU
		{484B7125-4BF7-41CB-AD5B-EF2935E6E125}.Debug|Any CPU.Build.0 = Debug|Any CPU
		{484B7125-4BF7-41CB-AD5B-EF2935E6E125}.Debug|x64.ActiveCfg = Debug|Any CPU
		{484B7125-4BF7-41CB-AD5B-EF2935E6E125}.Debug|x64.Build.0 = Debug|Any CPU
		{484B7125-4BF7-41CB-AD5B-EF2935E6E125}.Debug|x86.ActiveCfg = Debug|Any CPU
		{484B7125-4BF7-41CB-AD5B-EF2935E6E125}.Debug|x86.Build.0 = Debug|Any CPU
		{484B7125-4BF7-41CB-AD5B-EF2935E6E125}.Release|Any CPU.ActiveCfg = Release|Any CPU
		{484B7125-4BF7-41CB-AD5B-EF2935E6E125}.Release|Any CPU.Build.0 = Release|Any CPU
		{484B7125-4BF7-41CB-AD5B-EF2935E6E125}.Release|x64.ActiveCfg = Release|Any CPU
		{484B7125-4BF7-41CB-AD5B-EF2935E6E125}.Release|x64.Build.0 = Release|Any CPU
		{484B7125-4BF7-41CB-AD5B-EF2935E6E125}.Release|x86.ActiveCfg = Release|Any CPU
		{484B7125-4BF7-41CB-AD5B-EF2935E6E125}.Release|x86.Build.0 = Release|Any CPU
		{B2BEE944-2DB6-49CC-B047-21D438038399}.Debug|Any CPU.ActiveCfg = Debug|Any CPU
		{B2BEE944-2DB6-49CC-B047-21D438038399}.Debug|Any CPU.Build.0 = Debug|Any CPU
		{B2BEE944-2DB6-49CC-B047-21D438038399}.Debug|x64.ActiveCfg = Debug|Any CPU
		{B2BEE944-2DB6-49CC-B047-21D438038399}.Debug|x64.Build.0 = Debug|Any CPU
		{B2BEE944-2DB6-49CC-B047-21D438038399}.Debug|x86.ActiveCfg = Debug|Any CPU
		{B2BEE944-2DB6-49CC-B047-21D438038399}.Debug|x86.Build.0 = Debug|Any CPU
		{B2BEE944-2DB6-49CC-B047-21D438038399}.Release|Any CPU.ActiveCfg = Release|Any CPU
		{B2BEE944-2DB6-49CC-B047-21D438038399}.Release|Any CPU.Build.0 = Release|Any CPU
		{B2BEE944-2DB6-49CC-B047-21D438038399}.Release|x64.ActiveCfg = Release|Any CPU
		{B2BEE944-2DB6-49CC-B047-21D438038399}.Release|x64.Build.0 = Release|Any CPU
		{B2BEE944-2DB6-49CC-B047-21D438038399}.Release|x86.ActiveCfg = Release|Any CPU
		{B2BEE944-2DB6-49CC-B047-21D438038399}.Release|x86.Build.0 = Release|Any CPU
		{1F8CD2A8-45F5-448D-9B6D-CFB9D5B875AD}.Debug|Any CPU.ActiveCfg = Debug|Any CPU
		{1F8CD2A8-45F5-448D-9B6D-CFB9D5B875AD}.Debug|Any CPU.Build.0 = Debug|Any CPU
		{1F8CD2A8-45F5-448D-9B6D-CFB9D5B875AD}.Debug|x64.ActiveCfg = Debug|Any CPU
		{1F8CD2A8-45F5-448D-9B6D-CFB9D5B875AD}.Debug|x64.Build.0 = Debug|Any CPU
		{1F8CD2A8-45F5-448D-9B6D-CFB9D5B875AD}.Debug|x86.ActiveCfg = Debug|Any CPU
		{1F8CD2A8-45F5-448D-9B6D-CFB9D5B875AD}.Debug|x86.Build.0 = Debug|Any CPU
		{1F8CD2A8-45F5-448D-9B6D-CFB9D5B875AD}.Release|Any CPU.ActiveCfg = Release|Any CPU
		{1F8CD2A8-45F5-448D-9B6D-CFB9D5B875AD}.Release|Any CPU.Build.0 = Release|Any CPU
		{1F8CD2A8-45F5-448D-9B6D-CFB9D5B875AD}.Release|x64.ActiveCfg = Release|Any CPU
		{1F8CD2A8-45F5-448D-9B6D-CFB9D5B875AD}.Release|x64.Build.0 = Release|Any CPU
		{1F8CD2A8-45F5-448D-9B6D-CFB9D5B875AD}.Release|x86.ActiveCfg = Release|Any CPU
		{1F8CD2A8-45F5-448D-9B6D-CFB9D5B875AD}.Release|x86.Build.0 = Release|Any CPU
		{A0C828A5-B23C-4430-89FD-3DFEE651381E}.Debug|Any CPU.ActiveCfg = Debug|Any CPU
		{A0C828A5-B23C-4430-89FD-3DFEE651381E}.Debug|Any CPU.Build.0 = Debug|Any CPU
		{A0C828A5-B23C-4430-89FD-3DFEE651381E}.Debug|x64.ActiveCfg = Debug|Any CPU
		{A0C828A5-B23C-4430-89FD-3DFEE651381E}.Debug|x64.Build.0 = Debug|Any CPU
		{A0C828A5-B23C-4430-89FD-3DFEE651381E}.Debug|x86.ActiveCfg = Debug|Any CPU
		{A0C828A5-B23C-4430-89FD-3DFEE651381E}.Debug|x86.Build.0 = Debug|Any CPU
		{A0C828A5-B23C-4430-89FD-3DFEE651381E}.Release|Any CPU.ActiveCfg = Release|Any CPU
		{A0C828A5-B23C-4430-89FD-3DFEE651381E}.Release|Any CPU.Build.0 = Release|Any CPU
		{A0C828A5-B23C-4430-89FD-3DFEE651381E}.Release|x64.ActiveCfg = Release|Any CPU
		{A0C828A5-B23C-4430-89FD-3DFEE651381E}.Release|x64.Build.0 = Release|Any CPU
		{A0C828A5-B23C-4430-89FD-3DFEE651381E}.Release|x86.ActiveCfg = Release|Any CPU
		{A0C828A5-B23C-4430-89FD-3DFEE651381E}.Release|x86.Build.0 = Release|Any CPU
		{B4614861-E0BC-46BA-93ED-E6F08B2419C2}.Debug|Any CPU.ActiveCfg = Debug|Any CPU
		{B4614861-E0BC-46BA-93ED-E6F08B2419C2}.Debug|Any CPU.Build.0 = Debug|Any CPU
		{B4614861-E0BC-46BA-93ED-E6F08B2419C2}.Debug|x64.ActiveCfg = Debug|Any CPU
		{B4614861-E0BC-46BA-93ED-E6F08B2419C2}.Debug|x64.Build.0 = Debug|Any CPU
		{B4614861-E0BC-46BA-93ED-E6F08B2419C2}.Debug|x86.ActiveCfg = Debug|Any CPU
		{B4614861-E0BC-46BA-93ED-E6F08B2419C2}.Debug|x86.Build.0 = Debug|Any CPU
		{B4614861-E0BC-46BA-93ED-E6F08B2419C2}.Release|Any CPU.ActiveCfg = Release|Any CPU
		{B4614861-E0BC-46BA-93ED-E6F08B2419C2}.Release|Any CPU.Build.0 = Release|Any CPU
		{B4614861-E0BC-46BA-93ED-E6F08B2419C2}.Release|x64.ActiveCfg = Release|Any CPU
		{B4614861-E0BC-46BA-93ED-E6F08B2419C2}.Release|x64.Build.0 = Release|Any CPU
		{B4614861-E0BC-46BA-93ED-E6F08B2419C2}.Release|x86.ActiveCfg = Release|Any CPU
		{B4614861-E0BC-46BA-93ED-E6F08B2419C2}.Release|x86.Build.0 = Release|Any CPU
		{9A7F9006-568C-4250-8FF2-A28C9A2BD87B}.Debug|Any CPU.ActiveCfg = Debug|Any CPU
		{9A7F9006-568C-4250-8FF2-A28C9A2BD87B}.Debug|Any CPU.Build.0 = Debug|Any CPU
		{9A7F9006-568C-4250-8FF2-A28C9A2BD87B}.Debug|x64.ActiveCfg = Debug|Any CPU
		{9A7F9006-568C-4250-8FF2-A28C9A2BD87B}.Debug|x64.Build.0 = Debug|Any CPU
		{9A7F9006-568C-4250-8FF2-A28C9A2BD87B}.Debug|x86.ActiveCfg = Debug|Any CPU
		{9A7F9006-568C-4250-8FF2-A28C9A2BD87B}.Debug|x86.Build.0 = Debug|Any CPU
		{9A7F9006-568C-4250-8FF2-A28C9A2BD87B}.Release|Any CPU.ActiveCfg = Release|Any CPU
		{9A7F9006-568C-4250-8FF2-A28C9A2BD87B}.Release|Any CPU.Build.0 = Release|Any CPU
		{9A7F9006-568C-4250-8FF2-A28C9A2BD87B}.Release|x64.ActiveCfg = Release|Any CPU
		{9A7F9006-568C-4250-8FF2-A28C9A2BD87B}.Release|x64.Build.0 = Release|Any CPU
		{9A7F9006-568C-4250-8FF2-A28C9A2BD87B}.Release|x86.ActiveCfg = Release|Any CPU
		{9A7F9006-568C-4250-8FF2-A28C9A2BD87B}.Release|x86.Build.0 = Release|Any CPU
		{16AC04E7-3BF3-432F-AEB6-F5825434A13F}.Debug|Any CPU.ActiveCfg = Debug|Any CPU
		{16AC04E7-3BF3-432F-AEB6-F5825434A13F}.Debug|Any CPU.Build.0 = Debug|Any CPU
		{16AC04E7-3BF3-432F-AEB6-F5825434A13F}.Debug|x64.ActiveCfg = Debug|Any CPU
		{16AC04E7-3BF3-432F-AEB6-F5825434A13F}.Debug|x64.Build.0 = Debug|Any CPU
		{16AC04E7-3BF3-432F-AEB6-F5825434A13F}.Debug|x86.ActiveCfg = Debug|Any CPU
		{16AC04E7-3BF3-432F-AEB6-F5825434A13F}.Debug|x86.Build.0 = Debug|Any CPU
		{16AC04E7-3BF3-432F-AEB6-F5825434A13F}.Release|Any CPU.ActiveCfg = Release|Any CPU
		{16AC04E7-3BF3-432F-AEB6-F5825434A13F}.Release|Any CPU.Build.0 = Release|Any CPU
		{16AC04E7-3BF3-432F-AEB6-F5825434A13F}.Release|x64.ActiveCfg = Release|Any CPU
		{16AC04E7-3BF3-432F-AEB6-F5825434A13F}.Release|x64.Build.0 = Release|Any CPU
		{16AC04E7-3BF3-432F-AEB6-F5825434A13F}.Release|x86.ActiveCfg = Release|Any CPU
		{16AC04E7-3BF3-432F-AEB6-F5825434A13F}.Release|x86.Build.0 = Release|Any CPU
	EndGlobalSection
	GlobalSection(SolutionProperties) = preSolution
		HideSolutionNode = FALSE
	EndGlobalSection
	GlobalSection(NestedProjects) = preSolution
		{5F3634F8-7CF2-4EDB-B7A7-DF99E16CF6DD} = {827E0CD3-B72D-47B6-A68D-7590B98EB39B}
		{484B7125-4BF7-41CB-AD5B-EF2935E6E125} = {827E0CD3-B72D-47B6-A68D-7590B98EB39B}
		{B2BEE944-2DB6-49CC-B047-21D438038399} = {827E0CD3-B72D-47B6-A68D-7590B98EB39B}
		{1F8CD2A8-45F5-448D-9B6D-CFB9D5B875AD} = {827E0CD3-B72D-47B6-A68D-7590B98EB39B}
		{A0C828A5-B23C-4430-89FD-3DFEE651381E} = {827E0CD3-B72D-47B6-A68D-7590B98EB39B}
		{B4614861-E0BC-46BA-93ED-E6F08B2419C2} = {827E0CD3-B72D-47B6-A68D-7590B98EB39B}
		{9A7F9006-568C-4250-8FF2-A28C9A2BD87B} = {827E0CD3-B72D-47B6-A68D-7590B98EB39B}
		{16AC04E7-3BF3-432F-AEB6-F5825434A13F} = {827E0CD3-B72D-47B6-A68D-7590B98EB39B}
	EndGlobalSection
EndGlobal
