
Microsoft Visual Studio Solution File, Format Version 12.00
# Visual Studio Version 17
VisualStudioVersion = 17.0.31903.59
MinimumVisualStudioVersion = 10.0.40219.1
Project("{2150E333-8FDC-42A3-9474-1A3956D46DE8}") = "src", "src", "{827E0CD3-B72D-47B6-A68D-7590B98EB39B}"
EndProject
Project("{FAE04EC0-301F-11D3-BF4B-00C04F79EFBC}") = "Scheduler.Domain", "src\Scheduler.Domain\Scheduler.Domain.csproj", "{BCA59C48-43A3-4FAB-BCF7-47D67FC63C1A}"
EndProject
Project("{FAE04EC0-301F-11D3-BF4B-00C04F79EFBC}") = "Scheduler.Application", "src\Scheduler.Application\Scheduler.Application.csproj", "{BAF3CF0C-3065-4A11-9B41-DC5A426D9D53}"
EndProject
Project("{FAE04EC0-301F-11D3-BF4B-00C04F79EFBC}") = "Scheduler.Infrastructure", "src\Scheduler.Infrastructure\Scheduler.Infrastructure.csproj", "{2CBE4B9C-D59E-4ABD-9B00-8C39274CC185}"
EndProject
Project("{FAE04EC0-301F-11D3-BF4B-00C04F79EFBC}") = "Scheduler.Api", "src\Scheduler.Api\Scheduler.Api.csproj", "{33C1EE30-8EAB-4E0E-8190-0C63A083387A}"
EndProject
Project("{2150E333-8FDC-42A3-9474-1A3956D46DE8}") = "tests", "tests", "{0AB3BF05-4346-4AA6-1389-037BE0695223}"
EndProject
Project("{FAE04EC0-301F-11D3-BF4B-00C04F79EFBC}") = "Scheduler.Domain.UnitTests", "tests\Scheduler.Domain.UnitTests\Scheduler.Domain.UnitTests.csproj", "{F9176731-84AD-4772-9C6A-5BDA8905FAC4}"
EndProject
Project("{FAE04EC0-301F-11D3-BF4B-00C04F79EFBC}") = "Scheduler.Application.UnitTests", "tests\Scheduler.Application.UnitTests\Scheduler.Application.UnitTests.csproj", "{41EE42EB-7564-4B3A-B322-7954433C4F12}"
EndProject
Project("{FAE04EC0-301F-11D3-BF4B-00C04F79EFBC}") = "Scheduler.Api.IntegrationTests", "tests\Scheduler.Api.IntegrationTests\Scheduler.Api.IntegrationTests.csproj", "{7CAC4EF2-247C-4DC7-A807-C21A0558B29C}"
EndProject
Project("{FAE04EC0-301F-11D3-BF4B-00C04F79EFBC}") = "Scheduler.ArchitectureTests", "tests\Scheduler.ArchitectureTests\Scheduler.ArchitectureTests.csproj", "{868252D4-2AE0-461C-BAD6-CF23C0554E6D}"
EndProject
Global
	GlobalSection(SolutionConfigurationPlatforms) = preSolution
		Debug|Any CPU = Debug|Any CPU
		Debug|x64 = Debug|x64
		Debug|x86 = Debug|x86
		Release|Any CPU = Release|Any CPU
		Release|x64 = Release|x64
		Release|x86 = Release|x86
	EndGlobalSection
	GlobalSection(ProjectConfigurationPlatforms) = postSolution
		{BCA59C48-43A3-4FAB-BCF7-47D67FC63C1A}.Debug|Any CPU.ActiveCfg = Debug|Any CPU
		{BCA59C48-43A3-4FAB-BCF7-47D67FC63C1A}.Debug|Any CPU.Build.0 = Debug|Any CPU
		{BCA59C48-43A3-4FAB-BCF7-47D67FC63C1A}.Debug|x64.ActiveCfg = Debug|Any CPU
		{BCA59C48-43A3-4FAB-BCF7-47D67FC63C1A}.Debug|x64.Build.0 = Debug|Any CPU
		{BCA59C48-43A3-4FAB-BCF7-47D67FC63C1A}.Debug|x86.ActiveCfg = Debug|Any CPU
		{BCA59C48-43A3-4FAB-BCF7-47D67FC63C1A}.Debug|x86.Build.0 = Debug|Any CPU
		{BCA59C48-43A3-4FAB-BCF7-47D67FC63C1A}.Release|Any CPU.ActiveCfg = Release|Any CPU
		{BCA59C48-43A3-4FAB-BCF7-47D67FC63C1A}.Release|Any CPU.Build.0 = Release|Any CPU
		{BCA59C48-43A3-4FAB-BCF7-47D67FC63C1A}.Release|x64.ActiveCfg = Release|Any CPU
		{BCA59C48-43A3-4FAB-BCF7-47D67FC63C1A}.Release|x64.Build.0 = Release|Any CPU
		{BCA59C48-43A3-4FAB-BCF7-47D67FC63C1A}.Release|x86.ActiveCfg = Release|Any CPU
		{BCA59C48-43A3-4FAB-BCF7-47D67FC63C1A}.Release|x86.Build.0 = Release|Any CPU
		{BAF3CF0C-3065-4A11-9B41-DC5A426D9D53}.Debug|Any CPU.ActiveCfg = Debug|Any CPU
		{BAF3CF0C-3065-4A11-9B41-DC5A426D9D53}.Debug|Any CPU.Build.0 = Debug|Any CPU
		{BAF3CF0C-3065-4A11-9B41-DC5A426D9D53}.Debug|x64.ActiveCfg = Debug|Any CPU
		{BAF3CF0C-3065-4A11-9B41-DC5A426D9D53}.Debug|x64.Build.0 = Debug|Any CPU
		{BAF3CF0C-3065-4A11-9B41-DC5A426D9D53}.Debug|x86.ActiveCfg = Debug|Any CPU
		{BAF3CF0C-3065-4A11-9B41-DC5A426D9D53}.Debug|x86.Build.0 = Debug|Any CPU
		{BAF3CF0C-3065-4A11-9B41-DC5A426D9D53}.Release|Any CPU.ActiveCfg = Release|Any CPU
		{BAF3CF0C-3065-4A11-9B41-DC5A426D9D53}.Release|Any CPU.Build.0 = Release|Any CPU
		{BAF3CF0C-3065-4A11-9B41-DC5A426D9D53}.Release|x64.ActiveCfg = Release|Any CPU
		{BAF3CF0C-3065-4A11-9B41-DC5A426D9D53}.Release|x64.Build.0 = Release|Any CPU
		{BAF3CF0C-3065-4A11-9B41-DC5A426D9D53}.Release|x86.ActiveCfg = Release|Any CPU
		{BAF3CF0C-3065-4A11-9B41-DC5A426D9D53}.Release|x86.Build.0 = Release|Any CPU
		{2CBE4B9C-D59E-4ABD-9B00-8C39274CC185}.Debug|Any CPU.ActiveCfg = Debug|Any CPU
		{2CBE4B9C-D59E-4ABD-9B00-8C39274CC185}.Debug|Any CPU.Build.0 = Debug|Any CPU
		{2CBE4B9C-D59E-4ABD-9B00-8C39274CC185}.Debug|x64.ActiveCfg = Debug|Any CPU
		{2CBE4B9C-D59E-4ABD-9B00-8C39274CC185}.Debug|x64.Build.0 = Debug|Any CPU
		{2CBE4B9C-D59E-4ABD-9B00-8C39274CC185}.Debug|x86.ActiveCfg = Debug|Any CPU
		{2CBE4B9C-D59E-4ABD-9B00-8C39274CC185}.Debug|x86.Build.0 = Debug|Any CPU
		{2CBE4B9C-D59E-4ABD-9B00-8C39274CC185}.Release|Any CPU.ActiveCfg = Release|Any CPU
		{2CBE4B9C-D59E-4ABD-9B00-8C39274CC185}.Release|Any CPU.Build.0 = Release|Any CPU
		{2CBE4B9C-D59E-4ABD-9B00-8C39274CC185}.Release|x64.ActiveCfg = Release|Any CPU
		{2CBE4B9C-D59E-4ABD-9B00-8C39274CC185}.Release|x64.Build.0 = Release|Any CPU
		{2CBE4B9C-D59E-4ABD-9B00-8C39274CC185}.Release|x86.ActiveCfg = Release|Any CPU
		{2CBE4B9C-D59E-4ABD-9B00-8C39274CC185}.Release|x86.Build.0 = Release|Any CPU
		{33C1EE30-8EAB-4E0E-8190-0C63A083387A}.Debug|Any CPU.ActiveCfg = Debug|Any CPU
		{33C1EE30-8EAB-4E0E-8190-0C63A083387A}.Debug|Any CPU.Build.0 = Debug|Any CPU
		{33C1EE30-8EAB-4E0E-8190-0C63A083387A}.Debug|x64.ActiveCfg = Debug|Any CPU
		{33C1EE30-8EAB-4E0E-8190-0C63A083387A}.Debug|x64.Build.0 = Debug|Any CPU
		{33C1EE30-8EAB-4E0E-8190-0C63A083387A}.Debug|x86.ActiveCfg = Debug|Any CPU
		{33C1EE30-8EAB-4E0E-8190-0C63A083387A}.Debug|x86.Build.0 = Debug|Any CPU
		{33C1EE30-8EAB-4E0E-8190-0C63A083387A}.Release|Any CPU.ActiveCfg = Release|Any CPU
		{33C1EE30-8EAB-4E0E-8190-0C63A083387A}.Release|Any CPU.Build.0 = Release|Any CPU
		{33C1EE30-8EAB-4E0E-8190-0C63A083387A}.Release|x64.ActiveCfg = Release|Any CPU
		{33C1EE30-8EAB-4E0E-8190-0C63A083387A}.Release|x64.Build.0 = Release|Any CPU
		{33C1EE30-8EAB-4E0E-8190-0C63A083387A}.Release|x86.ActiveCfg = Release|Any CPU
		{33C1EE30-8EAB-4E0E-8190-0C63A083387A}.Release|x86.Build.0 = Release|Any CPU
		{F9176731-84AD-4772-9C6A-5BDA8905FAC4}.Debug|Any CPU.ActiveCfg = Debug|Any CPU
		{F9176731-84AD-4772-9C6A-5BDA8905FAC4}.Debug|Any CPU.Build.0 = Debug|Any CPU
		{F9176731-84AD-4772-9C6A-5BDA8905FAC4}.Debug|x64.ActiveCfg = Debug|Any CPU
		{F9176731-84AD-4772-9C6A-5BDA8905FAC4}.Debug|x64.Build.0 = Debug|Any CPU
		{F9176731-84AD-4772-9C6A-5BDA8905FAC4}.Debug|x86.ActiveCfg = Debug|Any CPU
		{F9176731-84AD-4772-9C6A-5BDA8905FAC4}.Debug|x86.Build.0 = Debug|Any CPU
		{F9176731-84AD-4772-9C6A-5BDA8905FAC4}.Release|Any CPU.ActiveCfg = Release|Any CPU
		{F9176731-84AD-4772-9C6A-5BDA8905FAC4}.Release|Any CPU.Build.0 = Release|Any CPU
		{F9176731-84AD-4772-9C6A-5BDA8905FAC4}.Release|x64.ActiveCfg = Release|Any CPU
		{F9176731-84AD-4772-9C6A-5BDA8905FAC4}.Release|x64.Build.0 = Release|Any CPU
		{F9176731-84AD-4772-9C6A-5BDA8905FAC4}.Release|x86.ActiveCfg = Release|Any CPU
		{F9176731-84AD-4772-9C6A-5BDA8905FAC4}.Release|x86.Build.0 = Release|Any CPU
		{41EE42EB-7564-4B3A-B322-7954433C4F12}.Debug|Any CPU.ActiveCfg = Debug|Any CPU
		{41EE42EB-7564-4B3A-B322-7954433C4F12}.Debug|Any CPU.Build.0 = Debug|Any CPU
		{41EE42EB-7564-4B3A-B322-7954433C4F12}.Debug|x64.ActiveCfg = Debug|Any CPU
		{41EE42EB-7564-4B3A-B322-7954433C4F12}.Debug|x64.Build.0 = Debug|Any CPU
		{41EE42EB-7564-4B3A-B322-7954433C4F12}.Debug|x86.ActiveCfg = Debug|Any CPU
		{41EE42EB-7564-4B3A-B322-7954433C4F12}.Debug|x86.Build.0 = Debug|Any CPU
		{41EE42EB-7564-4B3A-B322-7954433C4F12}.Release|Any CPU.ActiveCfg = Release|Any CPU
		{41EE42EB-7564-4B3A-B322-7954433C4F12}.Release|Any CPU.Build.0 = Release|Any CPU
		{41EE42EB-7564-4B3A-B322-7954433C4F12}.Release|x64.ActiveCfg = Release|Any CPU
		{41EE42EB-7564-4B3A-B322-7954433C4F12}.Release|x64.Build.0 = Release|Any CPU
		{41EE42EB-7564-4B3A-B322-7954433C4F12}.Release|x86.ActiveCfg = Release|Any CPU
		{41EE42EB-7564-4B3A-B322-7954433C4F12}.Release|x86.Build.0 = Release|Any CPU
		{7CAC4EF2-247C-4DC7-A807-C21A0558B29C}.Debug|Any CPU.ActiveCfg = Debug|Any CPU
		{7CAC4EF2-247C-4DC7-A807-C21A0558B29C}.Debug|Any CPU.Build.0 = Debug|Any CPU
		{7CAC4EF2-247C-4DC7-A807-C21A0558B29C}.Debug|x64.ActiveCfg = Debug|Any CPU
		{7CAC4EF2-247C-4DC7-A807-C21A0558B29C}.Debug|x64.Build.0 = Debug|Any CPU
		{7CAC4EF2-247C-4DC7-A807-C21A0558B29C}.Debug|x86.ActiveCfg = Debug|Any CPU
		{7CAC4EF2-247C-4DC7-A807-C21A0558B29C}.Debug|x86.Build.0 = Debug|Any CPU
		{7CAC4EF2-247C-4DC7-A807-C21A0558B29C}.Release|Any CPU.ActiveCfg = Release|Any CPU
		{7CAC4EF2-247C-4DC7-A807-C21A0558B29C}.Release|Any CPU.Build.0 = Release|Any CPU
		{7CAC4EF2-247C-4DC7-A807-C21A0558B29C}.Release|x64.ActiveCfg = Release|Any CPU
		{7CAC4EF2-247C-4DC7-A807-C21A0558B29C}.Release|x64.Build.0 = Release|Any CPU
		{7CAC4EF2-247C-4DC7-A807-C21A0558B29C}.Release|x86.ActiveCfg = Release|Any CPU
		{7CAC4EF2-247C-4DC7-A807-C21A0558B29C}.Release|x86.Build.0 = Release|Any CPU
		{868252D4-2AE0-461C-BAD6-CF23C0554E6D}.Debug|Any CPU.ActiveCfg = Debug|Any CPU
		{868252D4-2AE0-461C-BAD6-CF23C0554E6D}.Debug|Any CPU.Build.0 = Debug|Any CPU
		{868252D4-2AE0-461C-BAD6-CF23C0554E6D}.Debug|x64.ActiveCfg = Debug|Any CPU
		{868252D4-2AE0-461C-BAD6-CF23C0554E6D}.Debug|x64.Build.0 = Debug|Any CPU
		{868252D4-2AE0-461C-BAD6-CF23C0554E6D}.Debug|x86.ActiveCfg = Debug|Any CPU
		{868252D4-2AE0-461C-BAD6-CF23C0554E6D}.Debug|x86.Build.0 = Debug|Any CPU
		{868252D4-2AE0-461C-BAD6-CF23C0554E6D}.Release|Any CPU.ActiveCfg = Release|Any CPU
		{868252D4-2AE0-461C-BAD6-CF23C0554E6D}.Release|Any CPU.Build.0 = Release|Any CPU
		{868252D4-2AE0-461C-BAD6-CF23C0554E6D}.Release|x64.ActiveCfg = Release|Any CPU
		{868252D4-2AE0-461C-BAD6-CF23C0554E6D}.Release|x64.Build.0 = Release|Any CPU
		{868252D4-2AE0-461C-BAD6-CF23C0554E6D}.Release|x86.ActiveCfg = Release|Any CPU
		{868252D4-2AE0-461C-BAD6-CF23C0554E6D}.Release|x86.Build.0 = Release|Any CPU
	EndGlobalSection
	GlobalSection(SolutionProperties) = preSolution
		HideSolutionNode = FALSE
	EndGlobalSection
	GlobalSection(NestedProjects) = preSolution
		{BCA59C48-43A3-4FAB-BCF7-47D67FC63C1A} = {827E0CD3-B72D-47B6-A68D-7590B98EB39B}
		{BAF3CF0C-3065-4A11-9B41-DC5A426D9D53} = {827E0CD3-B72D-47B6-A68D-7590B98EB39B}
		{2CBE4B9C-D59E-4ABD-9B00-8C39274CC185} = {827E0CD3-B72D-47B6-A68D-7590B98EB39B}
		{33C1EE30-8EAB-4E0E-8190-0C63A083387A} = {827E0CD3-B72D-47B6-A68D-7590B98EB39B}
		{F9176731-84AD-4772-9C6A-5BDA8905FAC4} = {0AB3BF05-4346-4AA6-1389-037BE0695223}
		{41EE42EB-7564-4B3A-B322-7954433C4F12} = {0AB3BF05-4346-4AA6-1389-037BE0695223}
		{7CAC4EF2-247C-4DC7-A807-C21A0558B29C} = {0AB3BF05-4346-4AA6-1389-037BE0695223}
		{868252D4-2AE0-461C-BAD6-CF23C0554E6D} = {0AB3BF05-4346-4AA6-1389-037BE0695223}
	EndGlobalSection
EndGlobal
